
Microsoft Visual Studio Solution File, Format Version 12.00
# Visual Studio Version 17
VisualStudioVersion = 17.4.33205.214
MinimumVisualStudioVersion = 10.0.40219.1
Project("{FAE04EC0-301F-11D3-BF4B-00C04F79EFBC}") = "WithOutDI", "DI-Dag-12\WithOutDI.csproj", "{948905F1-E610-48B6-AD29-527C2972B8F3}"
EndProject
Project("{FAE04EC0-301F-11D3-BF4B-00C04F79EFBC}") = "WithDI", "WithDI\WithDI.csproj", "{7CD5E50E-DAF0-4648-8188-9D9806591D0F}"
EndProject
Global
	GlobalSection(SolutionConfigurationPlatforms) = preSolution
		Debug|Any CPU = Debug|Any CPU
		Release|Any CPU = Release|Any CPU
	EndGlobalSection
	GlobalSection(ProjectConfigurationPlatforms) = postSolution
		{948905F1-E610-48B6-AD29-527C2972B8F3}.Debug|Any CPU.ActiveCfg = Debug|Any CPU
		{948905F1-E610-48B6-AD29-527C2972B8F3}.Debug|Any CPU.Build.0 = Debug|Any CPU
		{948905F1-E610-48B6-AD29-527C2972B8F3}.Release|Any CPU.ActiveCfg = Release|Any CPU
		{948905F1-E610-48B6-AD29-527C2972B8F3}.Release|Any CPU.Build.0 = Release|Any CPU
		{7CD5E50E-DAF0-4648-8188-9D9806591D0F}.Debug|Any CPU.ActiveCfg = Debug|Any CPU
		{7CD5E50E-DAF0-4648-8188-9D9806591D0F}.Debug|Any CPU.Build.0 = Debug|Any CPU
		{7CD5E50E-DAF0-4648-8188-9D9806591D0F}.Release|Any CPU.ActiveCfg = Release|Any CPU
		{7CD5E50E-DAF0-4648-8188-9D9806591D0F}.Release|Any CPU.Build.0 = Release|Any CPU
	EndGlobalSection
	GlobalSection(SolutionProperties) = preSolution
		HideSolutionNode = FALSE
	EndGlobalSection
	GlobalSection(ExtensibilityGlobals) = postSolution
		SolutionGuid = {40A65FC9-EB4B-4CF5-98B9-2ACB2DE220AF}
	EndGlobalSection
EndGlobal
